// !$*UTF8*$!
{
	archiveVersion = 1;
	classes = {
	};
	objectVersion = 46;
	objects = {

/* Begin PBXBuildFile section */
		C009BABB1A472C200093100B /* AppDelegate.swift in Sources */ = {isa = PBXBuildFile; fileRef = C009BABA1A472C200093100B /* AppDelegate.swift */; };
		C009BABD1A472C200093100B /* ViewController.swift in Sources */ = {isa = PBXBuildFile; fileRef = C009BABC1A472C200093100B /* ViewController.swift */; };
		C009BAC01A472C200093100B /* Main.storyboard in Resources */ = {isa = PBXBuildFile; fileRef = C009BABE1A472C200093100B /* Main.storyboard */; };
		C009BAC21A472C200093100B /* Images.xcassets in Resources */ = {isa = PBXBuildFile; fileRef = C009BAC11A472C200093100B /* Images.xcassets */; };
		C009BAC51A472C200093100B /* LaunchScreen.xib in Resources */ = {isa = PBXBuildFile; fileRef = C009BAC31A472C200093100B /* LaunchScreen.xib */; };
		C009BAD11A472C200093100B /* TowerOfShanoiTests.swift in Sources */ = {isa = PBXBuildFile; fileRef = C009BAD01A472C200093100B /* TowerOfShanoiTests.swift */; };
		C051EA581A61F34600A5C451 /* Block.swift in Sources */ = {isa = PBXBuildFile; fileRef = C051EA571A61F34600A5C451 /* Block.swift */; };
		C051EA5A1A61FA4D00A5C451 /* Column.swift in Sources */ = {isa = PBXBuildFile; fileRef = C051EA591A61FA4D00A5C451 /* Column.swift */; };
/* End PBXBuildFile section */

/* Begin PBXContainerItemProxy section */
		C009BACB1A472C200093100B /* PBXContainerItemProxy */ = {
			isa = PBXContainerItemProxy;
			containerPortal = C009BAAD1A472C200093100B /* Project object */;
			proxyType = 1;
			remoteGlobalIDString = C009BAB41A472C200093100B;
			remoteInfo = TowerOfShanoi;
		};
/* End PBXContainerItemProxy section */

/* Begin PBXFileReference section */
		C009BAB51A472C200093100B /* TowerOfShanoi.app */ = {isa = PBXFileReference; explicitFileType = wrapper.application; includeInIndex = 0; path = TowerOfShanoi.app; sourceTree = BUILT_PRODUCTS_DIR; };
		C009BAB91A472C200093100B /* Info.plist */ = {isa = PBXFileReference; lastKnownFileType = text.plist.xml; path = Info.plist; sourceTree = "<group>"; };
		C009BABA1A472C200093100B /* AppDelegate.swift */ = {isa = PBXFileReference; lastKnownFileType = sourcecode.swift; path = AppDelegate.swift; sourceTree = "<group>"; };
		C009BABC1A472C200093100B /* ViewController.swift */ = {isa = PBXFileReference; lastKnownFileType = sourcecode.swift; path = ViewController.swift; sourceTree = "<group>"; };
		C009BABF1A472C200093100B /* Base */ = {isa = PBXFileReference; lastKnownFileType = file.storyboard; name = Base; path = Base.lproj/Main.storyboard; sourceTree = "<group>"; };
		C009BAC11A472C200093100B /* Images.xcassets */ = {isa = PBXFileReference; lastKnownFileType = folder.assetcatalog; path = Images.xcassets; sourceTree = "<group>"; };
		C009BAC41A472C200093100B /* Base */ = {isa = PBXFileReference; lastKnownFileType = file.xib; name = Base; path = Base.lproj/LaunchScreen.xib; sourceTree = "<group>"; };
		C009BACA1A472C200093100B /* TowerOfShanoiTests.xctest */ = {isa = PBXFileReference; explicitFileType = wrapper.cfbundle; includeInIndex = 0; path = TowerOfShanoiTests.xctest; sourceTree = BUILT_PRODUCTS_DIR; };
		C009BACF1A472C200093100B /* Info.plist */ = {isa = PBXFileReference; lastKnownFileType = text.plist.xml; path = Info.plist; sourceTree = "<group>"; };
		C009BAD01A472C200093100B /* TowerOfShanoiTests.swift */ = {isa = PBXFileReference; lastKnownFileType = sourcecode.swift; path = TowerOfShanoiTests.swift; sourceTree = "<group>"; };
		C051EA571A61F34600A5C451 /* Block.swift */ = {isa = PBXFileReference; fileEncoding = 4; lastKnownFileType = sourcecode.swift; path = Block.swift; sourceTree = "<group>"; };
		C051EA591A61FA4D00A5C451 /* Column.swift */ = {isa = PBXFileReference; fileEncoding = 4; lastKnownFileType = sourcecode.swift; path = Column.swift; sourceTree = "<group>"; };
/* End PBXFileReference section */

/* Begin PBXFrameworksBuildPhase section */
		C009BAB21A472C200093100B /* Frameworks */ = {
			isa = PBXFrameworksBuildPhase;
			buildActionMask = 2147483647;
			files = (
			);
			runOnlyForDeploymentPostprocessing = 0;
		};
		C009BAC71A472C200093100B /* Frameworks */ = {
			isa = PBXFrameworksBuildPhase;
			buildActionMask = 2147483647;
			files = (
			);
			runOnlyForDeploymentPostprocessing = 0;
		};
/* End PBXFrameworksBuildPhase section */

/* Begin PBXGroup section */
		C009BAAC1A472C200093100B = {
			isa = PBXGroup;
			children = (
				C009BAB71A472C200093100B /* TowerOfShanoi */,
				C009BACD1A472C200093100B /* TowerOfShanoiTests */,
				C009BAB61A472C200093100B /* Products */,
			);
			sourceTree = "<group>";
		};
		C009BAB61A472C200093100B /* Products */ = {
			isa = PBXGroup;
			children = (
				C009BAB51A472C200093100B /* TowerOfShanoi.app */,
				C009BACA1A472C200093100B /* TowerOfShanoiTests.xctest */,
			);
			name = Products;
			sourceTree = "<group>";
		};
		C009BAB71A472C200093100B /* TowerOfShanoi */ = {
			isa = PBXGroup;
			children = (
				C009BABA1A472C200093100B /* AppDelegate.swift */,
				C009BABC1A472C200093100B /* ViewController.swift */,
				C051EA571A61F34600A5C451 /* Block.swift */,
				C051EA591A61FA4D00A5C451 /* Column.swift */,
				C009BABE1A472C200093100B /* Main.storyboard */,
				C009BAC11A472C200093100B /* Images.xcassets */,
				C009BAC31A472C200093100B /* LaunchScreen.xib */,
				C009BAB81A472C200093100B /* Supporting Files */,
			);
			path = TowerOfShanoi;
			sourceTree = "<group>";
		};
		C009BAB81A472C200093100B /* Supporting Files */ = {
			isa = PBXGroup;
			children = (
				C009BAB91A472C200093100B /* Info.plist */,
			);
			name = "Supporting Files";
			sourceTree = "<group>";
		};
		C009BACD1A472C200093100B /* TowerOfShanoiTests */ = {
			isa = PBXGroup;
			children = (
				C009BAD01A472C200093100B /* TowerOfShanoiTests.swift */,
				C009BACE1A472C200093100B /* Supporting Files */,
			);
			path = TowerOfShanoiTests;
			sourceTree = "<group>";
		};
		C009BACE1A472C200093100B /* Supporting Files */ = {
			isa = PBXGroup;
			children = (
				C009BACF1A472C200093100B /* Info.plist */,
			);
			name = "Supporting Files";
			sourceTree = "<group>";
		};
/* End PBXGroup section */

/* Begin PBXNativeTarget section */
		C009BAB41A472C200093100B /* TowerOfShanoi */ = {
			isa = PBXNativeTarget;
			buildConfigurationList = C009BAD41A472C200093100B /* Build configuration list for PBXNativeTarget "TowerOfShanoi" */;
			buildPhases = (
				C009BAB11A472C200093100B /* Sources */,
				C009BAB21A472C200093100B /* Frameworks */,
				C009BAB31A472C200093100B /* Resources */,
			);
			buildRules = (
			);
			dependencies = (
			);
			name = TowerOfShanoi;
			productName = TowerOfShanoi;
			productReference = C009BAB51A472C200093100B /* TowerOfShanoi.app */;
			productType = "com.apple.product-type.application";
		};
		C009BAC91A472C200093100B /* TowerOfShanoiTests */ = {
			isa = PBXNativeTarget;
			buildConfigurationList = C009BAD71A472C200093100B /* Build configuration list for PBXNativeTarget "TowerOfShanoiTests" */;
			buildPhases = (
				C009BAC61A472C200093100B /* Sources */,
				C009BAC71A472C200093100B /* Frameworks */,
				C009BAC81A472C200093100B /* Resources */,
			);
			buildRules = (
			);
			dependencies = (
				C009BACC1A472C200093100B /* PBXTargetDependency */,
			);
			name = TowerOfShanoiTests;
			productName = TowerOfShanoiTests;
			productReference = C009BACA1A472C200093100B /* TowerOfShanoiTests.xctest */;
			productType = "com.apple.product-type.bundle.unit-test";
		};
/* End PBXNativeTarget section */

/* Begin PBXProject section */
		C009BAAD1A472C200093100B /* Project object */ = {
			isa = PBXProject;
			attributes = {
				LastUpgradeCheck = 0610;
				ORGANIZATIONNAME = "Kevin E Lopez";
				TargetAttributes = {
					C009BAB41A472C200093100B = {
						CreatedOnToolsVersion = 6.1.1;
					};
					C009BAC91A472C200093100B = {
						CreatedOnToolsVersion = 6.1.1;
						TestTargetID = C009BAB41A472C200093100B;
					};
				};
			};
			buildConfigurationList = C009BAB01A472C200093100B /* Build configuration list for PBXProject "TowerOfShanoi" */;
			compatibilityVersion = "Xcode 3.2";
			developmentRegion = English;
			hasScannedForEncodings = 0;
			knownRegions = (
				en,
				Base,
			);
			mainGroup = C009BAAC1A472C200093100B;
			productRefGroup = C009BAB61A472C200093100B /* Products */;
			projectDirPath = "";
			projectRoot = "";
			targets = (
				C009BAB41A472C200093100B /* TowerOfShanoi */,
				C009BAC91A472C200093100B /* TowerOfShanoiTests */,
			);
		};
/* End PBXProject section */

/* Begin PBXResourcesBuildPhase section */
		C009BAB31A472C200093100B /* Resources */ = {
			isa = PBXResourcesBuildPhase;
			buildActionMask = 2147483647;
			files = (
				C009BAC01A472C200093100B /* Main.storyboard in Resources */,
				C009BAC51A472C200093100B /* LaunchScreen.xib in Resources */,
				C009BAC21A472C200093100B /* Images.xcassets in Resources */,
			);
			runOnlyForDeploymentPostprocessing = 0;
		};
		C009BAC81A472C200093100B /* Resources */ = {
			isa = PBXResourcesBuildPhase;
			buildActionMask = 2147483647;
			files = (
			);
			runOnlyForDeploymentPostprocessing = 0;
		};
/* End PBXResourcesBuildPhase section */

/* Begin PBXSourcesBuildPhase section */
		C009BAB11A472C200093100B /* Sources */ = {
			isa = PBXSourcesBuildPhase;
			buildActionMask = 2147483647;
			files = (
				C051EA581A61F34600A5C451 /* Block.swift in Sources */,
				C051EA5A1A61FA4D00A5C451 /* Column.swift in Sources */,
				C009BABD1A472C200093100B /* ViewController.swift in Sources */,
				C009BABB1A472C200093100B /* AppDelegate.swift in Sources */,
			);
			runOnlyForDeploymentPostprocessing = 0;
		};
		C009BAC61A472C200093100B /* Sources */ = {
			isa = PBXSourcesBuildPhase;
			buildActionMask = 2147483647;
			files = (
				C009BAD11A472C200093100B /* TowerOfShanoiTests.swift in Sources */,
			);
			runOnlyForDeploymentPostprocessing = 0;
		};
/* End PBXSourcesBuildPhase section */

/* Begin PBXTargetDependency section */
		C009BACC1A472C200093100B /* PBXTargetDependency */ = {
			isa = PBXTargetDependency;
			target = C009BAB41A472C200093100B /* TowerOfShanoi */;
			targetProxy = C009BACB1A472C200093100B /* PBXContainerItemProxy */;
		};
/* End PBXTargetDependency section */

/* Begin PBXVariantGroup section */
		C009BABE1A472C200093100B /* Main.storyboard */ = {
			isa = PBXVariantGroup;
			children = (
				C009BABF1A472C200093100B /* Base */,
			);
			name = Main.storyboard;
			sourceTree = "<group>";
		};
		C009BAC31A472C200093100B /* LaunchScreen.xib */ = {
			isa = PBXVariantGroup;
			children = (
				C009BAC41A472C200093100B /* Base */,
			);
			name = LaunchScreen.xib;
			sourceTree = "<group>";
		};
/* End PBXVariantGroup section */

/* Begin XCBuildConfiguration section */
		C009BAD21A472C200093100B /* Debug */ = {
			isa = XCBuildConfiguration;
			buildSettings = {
				ALWAYS_SEARCH_USER_PATHS = NO;
				CLANG_CXX_LANGUAGE_STANDARD = "gnu++0x";
				CLANG_CXX_LIBRARY = "libc++";
				CLANG_ENABLE_MODULES = YES;
				CLANG_ENABLE_OBJC_ARC = YES;
				CLANG_WARN_BOOL_CONVERSION = YES;
				CLANG_WARN_CONSTANT_CONVERSION = YES;
				CLANG_WARN_DIRECT_OBJC_ISA_USAGE = YES_ERROR;
				CLANG_WARN_EMPTY_BODY = YES;
				CLANG_WARN_ENUM_CONVERSION = YES;
				CLANG_WARN_INT_CONVERSION = YES;
				CLANG_WARN_OBJC_ROOT_CLASS = YES_ERROR;
				CLANG_WARN_UNREACHABLE_CODE = YES;
				CLANG_WARN__DUPLICATE_METHOD_MATCH = YES;
				"CODE_SIGN_IDENTITY[sdk=iphoneos*]" = "iPhone Developer";
				COPY_PHASE_STRIP = NO;
				ENABLE_STRICT_OBJC_MSGSEND = YES;
				GCC_C_LANGUAGE_STANDARD = gnu99;
				GCC_DYNAMIC_NO_PIC = NO;
				GCC_OPTIMIZATION_LEVEL = 0;
				GCC_PREPROCESSOR_DEFINITIONS = (
					"DEBUG=1",
					"$(inherited)",
				);
				GCC_SYMBOLS_PRIVATE_EXTERN = NO;
				GCC_WARN_64_TO_32_BIT_CONVERSION = YES;
				GCC_WARN_ABOUT_RETURN_TYPE = YES_ERROR;
				GCC_WARN_UNDECLARED_SELECTOR = YES;
				GCC_WARN_UNINITIALIZED_AUTOS = YES_AGGRESSIVE;
				GCC_WARN_UNUSED_FUNCTION = YES;
				GCC_WARN_UNUSED_VARIABLE = YES;
				IPHONEOS_DEPLOYMENT_TARGET = 8.1;
				MTL_ENABLE_DEBUG_INFO = YES;
				ONLY_ACTIVE_ARCH = YES;
				SDKROOT = iphoneos;
				SWIFT_OPTIMIZATION_LEVEL = "-Onone";
				TARGETED_DEVICE_FAMILY = "1,2";
			};
			name = Debug;
		};
		C009BAD31A472C200093100B /* Release */ = {
			isa = XCBuildConfiguration;
			buildSettings = {
				ALWAYS_SEARCH_USER_PATHS = NO;
				CLANG_CXX_LANGUAGE_STANDARD = "gnu++0x";
				CLANG_CXX_LIBRARY = "libc++";
				CLANG_ENABLE_MODULES = YES;
				CLANG_ENABLE_OBJC_ARC = YES;
				CLANG_WARN_BOOL_CONVERSION = YES;
				CLANG_WARN_CONSTANT_CONVERSION = YES;
				CLANG_WARN_DIRECT_OBJC_ISA_USAGE = YES_ERROR;
				CLANG_WARN_EMPTY_BODY = YES;
				CLANG_WARN_ENUM_CONVERSION = YES;
				CLANG_WARN_INT_CONVERSION = YES;
				CLANG_WARN_OBJC_ROOT_CLASS = YES_ERROR;
				CLANG_WARN_UNREACHABLE_CODE = YES;
				CLANG_WARN__DUPLICATE_METHOD_MATCH = YES;
				"CODE_SIGN_IDENTITY[sdk=iphoneos*]" = "iPhone Developer";
				COPY_PHASE_STRIP = YES;
				ENABLE_NS_ASSERTIONS = NO;
				ENABLE_STRICT_OBJC_MSGSEND = YES;
				GCC_C_LANGUAGE_STANDARD = gnu99;
				GCC_WARN_64_TO_32_BIT_CONVERSION = YES;
				GCC_WARN_ABOUT_RETURN_TYPE = YES_ERROR;
				GCC_WARN_UNDECLARED_SELECTOR = YES;
				GCC_WARN_UNINITIALIZED_AUTOS = YES_AGGRESSIVE;
				GCC_WARN_UNUSED_FUNCTION = YES;
				GCC_WARN_UNUSED_VARIABLE = YES;
				IPHONEOS_DEPLOYMENT_TARGET = 8.1;
				MTL_ENABLE_DEBUG_INFO = NO;
				SDKROOT = iphoneos;
				TARGETED_DEVICE_FAMILY = "1,2";
				VALIDATE_PRODUCT = YES;
			};
			name = Release;
		};
		C009BAD51A472C200093100B /* Debug */ = {
			isa = XCBuildConfiguration;
			buildSettings = {
				ASSETCATALOG_COMPILER_APPICON_NAME = AppIcon;
				INFOPLIST_FILE = TowerOfShanoi/Info.plist;
				LD_RUNPATH_SEARCH_PATHS = "$(inherited) @executable_path/Frameworks";
				PRODUCT_NAME = "$(TARGET_NAME)";
			};
			name = Debug;
		};
		C009BAD61A472C200093100B /* Release */ = {
			isa = XCBuildConfiguration;
			buildSettings = {
				ASSETCATALOG_COMPILER_APPICON_NAME = AppIcon;
				INFOPLIST_FILE = TowerOfShanoi/Info.plist;
				LD_RUNPATH_SEARCH_PATHS = "$(inherited) @executable_path/Frameworks";
				PRODUCT_NAME = "$(TARGET_NAME)";
			};
			name = Release;
		};
		C009BAD81A472C200093100B /* Debug */ = {
			isa = XCBuildConfiguration;
			buildSettings = {
				BUNDLE_LOADER = "$(TEST_HOST)";
				FRAMEWORK_SEARCH_PATHS = (
					"$(SDKROOT)/Developer/Library/Frameworks",
					"$(inherited)",
				);
				GCC_PREPROCESSOR_DEFINITIONS = (
					"DEBUG=1",
					"$(inherited)",
				);
				INFOPLIST_FILE = TowerOfShanoiTests/Info.plist;
				LD_RUNPATH_SEARCH_PATHS = "$(inherited) @executable_path/Frameworks @loader_path/Frameworks";
				PRODUCT_NAME = "$(TARGET_NAME)";
				TEST_HOST = "$(BUILT_PRODUCTS_DIR)/TowerOfShanoi.app/TowerOfShanoi";
			};
			name = Debug;
		};
		C009BAD91A472C200093100B /* Release */ = {
			isa = XCBuildConfiguration;
			buildSettings = {
				BUNDLE_LOADER = "$(TEST_HOST)";
				FRAMEWORK_SEARCH_PATHS = (
					"$(SDKROOT)/Developer/Library/Frameworks",
					"$(inherited)",
				);
				INFOPLIST_FILE = TowerOfShanoiTests/Info.plist;
				LD_RUNPATH_SEARCH_PATHS = "$(inherited) @executable_path/Frameworks @loader_path/Frameworks";
				PRODUCT_NAME = "$(TARGET_NAME)";
				TEST_HOST = "$(BUILT_PRODUCTS_DIR)/TowerOfShanoi.app/TowerOfShanoi";
			};
			name = Release;
		};
/* End XCBuildConfiguration section */

/* Begin XCConfigurationList section */
		C009BAB01A472C200093100B /* Build configuration list for PBXProject "TowerOfShanoi" */ = {
			isa = XCConfigurationList;
			buildConfigurations = (
				C009BAD21A472C200093100B /* Debug */,
				C009BAD31A472C200093100B /* Release */,
			);
			defaultConfigurationIsVisible = 0;
			defaultConfigurationName = Release;
		};
		C009BAD41A472C200093100B /* Build configuration list for PBXNativeTarget "TowerOfShanoi" */ = {
			isa = XCConfigurationList;
			buildConfigurations = (
				C009BAD51A472C200093100B /* Debug */,
				C009BAD61A472C200093100B /* Release */,
			);
			defaultConfigurationIsVisible = 0;
			defaultConfigurationName = Release;
		};
		C009BAD71A472C200093100B /* Build configuration list for PBXNativeTarget "TowerOfShanoiTests" */ = {
			isa = XCConfigurationList;
			buildConfigurations = (
				C009BAD81A472C200093100B /* Debug */,
				C009BAD91A472C200093100B /* Release */,
			);
			defaultConfigurationIsVisible = 0;
			defaultConfigurationName = Release;
		};
/* End XCConfigurationList section */
	};
	rootObject = C009BAAD1A472C200093100B /* Project object */;
}
